// This lockfile was autogenerated by Pants. To regenerate, run:
//
//    pants generate-lockfiles --resolve=pytest
//
// --- BEGIN PANTS LOCKFILE METADATA: DO NOT EDIT OR REMOVE ---
// {
//   "version": 3,
//   "valid_for_interpreter_constraints": [
//     "CPython<4,>=3.7"
//   ],
//   "generated_with_requirements": [
//     "pytest-asyncio",
//     "pytest-cov",
//     "pytest-xdist",
//     "pytest~=7.2.2"
//   ],
//   "manylinux": "manylinux2014",
//   "requirement_constraints": [],
//   "only_binary": [],
//   "no_binary": []
// }
// --- END PANTS LOCKFILE METADATA ---

{
  "allow_builds": true,
  "allow_prereleases": false,
  "allow_wheels": true,
  "build_isolation": true,
  "constraints": [],
  "locked_resolves": [
    {
      "locked_requirements": [
        {
          "artifacts": [
            {
              "algorithm": "sha256",
              "hash": "29e95c7f6778868dbd49170f98f8818f78f3dc5e0e37c0b1f474e3561b240836",
              "url": "https://files.pythonhosted.org/packages/fb/6e/6f83bf616d2becdf333a1640f1d463fef3150e2e926b7010cb0f81c95e88/attrs-22.2.0-py3-none-any.whl"
            },
            {
              "algorithm": "sha256",
              "hash": "c9227bfc2f01993c03f68db37d1d15c9690188323c067c641f1a35ca58185f99",
              "url": "https://files.pythonhosted.org/packages/21/31/3f468da74c7de4fcf9b25591e682856389b3400b4b62f201e65f15ea3e07/attrs-22.2.0.tar.gz"
            }
          ],
          "project_name": "attrs",
          "requires_dists": [
            "attrs[docs,tests]; extra == \"dev\"",
            "attrs[tests-no-zope]; extra == \"tests\"",
            "attrs[tests]; extra == \"cov\"",
            "cloudpickle; platform_python_implementation == \"CPython\" and extra == \"tests-no-zope\"",
            "cloudpickle; platform_python_implementation == \"CPython\" and extra == \"tests_no_zope\"",
            "coverage-enable-subprocess; extra == \"cov\"",
            "coverage[toml]>=5.3; extra == \"cov\"",
            "furo; extra == \"docs\"",
            "hypothesis; extra == \"tests-no-zope\"",
            "hypothesis; extra == \"tests_no_zope\"",
            "mypy<0.990,>=0.971; platform_python_implementation == \"CPython\" and extra == \"tests-no-zope\"",
            "mypy<0.990,>=0.971; platform_python_implementation == \"CPython\" and extra == \"tests_no_zope\"",
            "myst-parser; extra == \"docs\"",
            "pympler; extra == \"tests-no-zope\"",
            "pympler; extra == \"tests_no_zope\"",
            "pytest-mypy-plugins; (platform_python_implementation == \"CPython\" and python_version < \"3.11\") and extra == \"tests-no-zope\"",
            "pytest-mypy-plugins; (platform_python_implementation == \"CPython\" and python_version < \"3.11\") and extra == \"tests_no_zope\"",
            "pytest-xdist[psutil]; extra == \"tests-no-zope\"",
            "pytest-xdist[psutil]; extra == \"tests_no_zope\"",
            "pytest>=4.3.0; extra == \"tests-no-zope\"",
            "pytest>=4.3.0; extra == \"tests_no_zope\"",
            "sphinx-notfound-page; extra == \"docs\"",
            "sphinx; extra == \"docs\"",
            "sphinxcontrib-towncrier; extra == \"docs\"",
            "towncrier; extra == \"docs\"",
            "zope.interface; extra == \"docs\"",
            "zope.interface; extra == \"tests\""
          ],
          "requires_python": ">=3.6",
          "version": "22.2.0"
        },
        {
          "artifacts": [
            {
              "algorithm": "sha256",
              "hash": "872d6ce1f5be73f05bea4df498c140b9e7ee5418bfa2cc8204e7f9b817caa968",
              "url": "https://files.pythonhosted.org/packages/5e/92/cffba484a7a34ca08097f7991b72cbd85da4adc717c69c067bab2e1f612c/coverage-7.2.2-pp37.pp38.pp39-none-any.whl"
            },
            {
              "algorithm": "sha256",
              "hash": "9d22e94e6dc86de981b1b684b342bec5e331401599ce652900ec59db52940005",
              "url": "https://files.pythonhosted.org/packages/06/ab/1dd1a592ca3dff0c0d1da895c609f6b8b6b3092a2cc06f5494826b7689c8/coverage-7.2.2-cp39-cp39-macosx_11_0_arm64.whl"
            },
            {
              "algorithm": "sha256",
              "hash": "046936ab032a2810dcaafd39cc4ef6dd295df1a7cbead08fe996d4765fca9fe4",
              "url": "https://files.pythonhosted.org/packages/0d/49/ef6f4681a90ad12b734e8fd85913dc310eb58bfc33eb95534bdfef073476/coverage-7.2.2-cp38-cp38-manylinux_2_17_aarch64.manylinux2014_aarch64.whl"
            },
            {
              "algorithm": "sha256",
              "hash": "0484d9dd1e6f481b24070c87561c8d7151bdd8b044c93ac99faafd01f695c78e",
              "url": "https://files.pythonhosted.org/packages/0d/d3/7c6d91fc5dd15496954e9a941a765fce70913314181289e441db0e5c6568/coverage-7.2.2-cp37-cp37m-manylinux_2_17_aarch64.manylinux2014_aarch64.whl"
            },
            {
              "algorithm": "sha256",
              "hash": "186e0fc9cf497365036d51d4d2ab76113fb74f729bd25da0975daab2e107fd90",
              "url": "https://files.pythonhosted.org/packages/11/da/b52e1f1492d6431ce0ebdd9da8744faf9f9fb75c3077165aca44c178f6e7/coverage-7.2.2-cp310-cp310-musllinux_1_1_i686.whl"
            },
            {
              "algorithm": "sha256",
              "hash": "387fb46cb8e53ba7304d80aadca5dca84a2fbf6fe3faf6951d8cf2d46485d1e5",
              "url": "https://files.pythonhosted.org/packages/13/31/8a4be0305f60f9a856965e076388cf3b93bac36a1324897854accecc4e94/coverage-7.2.2-cp38-cp38-macosx_11_0_arm64.whl"
            },
            {
              "algorithm": "sha256",
              "hash": "7c20b731211261dc9739bbe080c579a1835b0c2d9b274e5fcd903c3a7821cf88",
              "url": "https://files.pythonhosted.org/packages/15/35/5a6ac4b81c41fe067af22a5e9ac440609a122c1ece220b8c565dfb27f205/coverage-7.2.2-cp38-cp38-musllinux_1_1_i686.whl"
            },
            {
              "algorithm": "sha256",
              "hash": "3668291b50b69a0c1ef9f462c7df2c235da3c4073f49543b01e7eb1dee7dd540",
              "url": "https://files.pythonhosted.org/packages/18/a9/98d8eddba099f79548527af0aa546c31c3d8a2cc9e5d1c59a10a584ffc6d/coverage-7.2.2-cp38-cp38-musllinux_1_1_aarch64.whl"
            },
            {
              "algorithm": "sha256",
              "hash": "5e1df45c23d4230e3d56d04414f9057eba501f78db60d4eeecfcb940501b08fd",
              "url": "https://files.pythonhosted.org/packages/1b/21/e757c7147ff8ef4be811d5fb3731ec0936ba6689444fc20dff953536a243/coverage-7.2.2-cp311-cp311-manylinux_2_5_i686.manylinux1_i686.manylinux_2_17_i686.manylinux2014_i686.whl"
            },
            {
              "algorithm": "sha256",
              "hash": "bc4803779f0e4b06a2361f666e76f5c2e3715e8e379889d02251ec911befd149",
              "url": "https://files.pythonhosted.org/packages/30/0c/6e0a65466f8008b2001c0354782753a880617b15dba857eb7e97928313fc/coverage-7.2.2-cp39-cp39-manylinux_2_5_i686.manylinux1_i686.manylinux_2_17_i686.manylinux2014_i686.whl"
            },
            {
              "algorithm": "sha256",
              "hash": "420f94a35e3e00a2b43ad5740f935358e24478354ce41c99407cddd283be00d2",
              "url": "https://files.pythonhosted.org/packages/34/7d/380f87502e91d1da48eb5d0dead8cee4911eb19e2d4b60e3f1ee9c975c85/coverage-7.2.2-cp310-cp310-musllinux_1_1_x86_64.whl"
            },
            {
              "algorithm": "sha256",
              "hash": "d2b96123a453a2d7f3995ddb9f28d01fd112319a7a4d5ca99796a7ff43f02af5",
              "url": "https://files.pythonhosted.org/packages/38/0f/2e384888c47e111a7a4c025812d33f197aa39a59338cfd5e08874c940f6c/coverage-7.2.2-cp311-cp311-macosx_11_0_arm64.whl"
            },
            {
              "algorithm": "sha256",
              "hash": "507e4720791977934bba016101579b8c500fb21c5fa3cd4cf256477331ddd988",
              "url": "https://files.pythonhosted.org/packages/3c/12/51c5bdce0ad62a29bff429e99a9b2f23a0220cca89e768fc22694d4aeb4f/coverage-7.2.2-cp39-cp39-manylinux_2_17_aarch64.manylinux2014_aarch64.whl"
            },
            {
              "algorithm": "sha256",
              "hash": "ba279aae162b20444881fc3ed4e4f934c1cf8620f3dab3b531480cf602c76b7f",
              "url": "https://files.pythonhosted.org/packages/42/1b/340c1d2d3bdfe33664a63307ae1143bf3e7929290715d8034e40aff6bcef/coverage-7.2.2-cp37-cp37m-musllinux_1_1_aarch64.whl"
            },
            {
              "algorithm": "sha256",
              "hash": "4fa54fb483decc45f94011898727802309a109d89446a3c76387d016057d2c84",
              "url": "https://files.pythonhosted.org/packages/44/50/b752e846395b17d3789b070b82ac54e88cc2e4f4d906b9f864074caf04b9/coverage-7.2.2-cp38-cp38-manylinux_2_5_x86_64.manylinux1_x86_64.manylinux_2_17_x86_64.manylinux2014_x86_64.whl"
            },
            {
              "algorithm": "sha256",
              "hash": "db8c2c5ace167fd25ab5dd732714c51d4633f58bac21fb0ff63b0349f62755a8",
              "url": "https://files.pythonhosted.org/packages/47/21/632047c45edb08f0eb51f9e8e49591d23c15ff078b32e0a88ddf99f4e8c2/coverage-7.2.2-cp39-cp39-manylinux_2_5_x86_64.manylinux1_x86_64.manylinux_2_17_x86_64.manylinux2014_x86_64.whl"
            },
            {
              "algorithm": "sha256",
              "hash": "797aad79e7b6182cb49c08cc5d2f7aa7b2128133b0926060d0a8889ac43843be",
              "url": "https://files.pythonhosted.org/packages/4a/73/031f7380e2912f78801d28120091ba2dcf5bc0ad689e958d6b970ce67cb7/coverage-7.2.2-cp39-cp39-musllinux_1_1_x86_64.whl"
            },
            {
              "algorithm": "sha256",
              "hash": "4c752d5264053a7cf2fe81c9e14f8a4fb261370a7bb344c2a011836a96fb3f57",
              "url": "https://files.pythonhosted.org/packages/4f/ec/acf6816f7fd5e628746db61725f7a3f5eb16b3b55c919c885072c60d17fa/coverage-7.2.2-cp311-cp311-musllinux_1_1_x86_64.whl"
            },
            {
              "algorithm": "sha256",
              "hash": "81f63e0fb74effd5be736cfe07d710307cc0a3ccb8f4741f7f053c057615a137",
              "url": "https://files.pythonhosted.org/packages/50/32/82dea3a1e928f8f7d2cdf6f0c6498fd42c5e9d661de0191f8c47d3966306/coverage-7.2.2-cp310-cp310-musllinux_1_1_aarch64.whl"
            },
            {
              "algorithm": "sha256",
              "hash": "36dd42da34fe94ed98c39887b86db9d06777b1c8f860520e21126a75507024f2",
              "url": "https://files.pythonhosted.org/packages/54/8a/db9d9cd24f96bb872eea151bb0d5c8cb6a96825b70a0cfaf07bceab2884d/coverage-7.2.2.tar.gz"
            },
            {
              "algorithm": "sha256",
              "hash": "53d0fd4c17175aded9c633e319360d41a1f3c6e352ba94edcb0fa5167e2bad67",
              "url": "https://files.pythonhosted.org/packages/59/4b/8a1077b2cf0c21e2f39105f3c94fac4e1bb18ff341d386ba60374487ae49/coverage-7.2.2-cp37-cp37m-musllinux_1_1_i686.whl"
            },
            {
              "algorithm": "sha256",
              "hash": "efe1c0adad110bf0ad7fb59f833880e489a61e39d699d37249bdf42f80590169",
              "url": "https://files.pythonhosted.org/packages/5e/f1/cf01ea71b3c525f5cb4aa9956b5bf2d4e0ac59cdc1e2aead8e73374ab420/coverage-7.2.2-cp310-cp310-manylinux_2_5_i686.manylinux1_i686.manylinux_2_17_i686.manylinux2014_i686.whl"
            },
            {
              "algorithm": "sha256",
              "hash": "bfe7085783cda55e53510482fa7b5efc761fad1abe4d653b32710eb548ebdd2d",
              "url": "https://files.pythonhosted.org/packages/6f/e4/9576c24b37c941e70a4815cbbd44ff2779c83b821ab3a38022b6f530d61c/coverage-7.2.2-cp39-cp39-macosx_10_9_x86_64.whl"
            },
            {
              "algorithm": "sha256",
              "hash": "4f68ee32d7c4164f1e2c8797535a6d0a3733355f5861e0f667e37df2d4b07140",
              "url": "https://files.pythonhosted.org/packages/70/74/7ceb96c38dac56e5894c3b0af6c4adfd0dd7f96521e8b829544d1dcec8fe/coverage-7.2.2-cp39-cp39-musllinux_1_1_aarch64.whl"
            },
            {
              "algorithm": "sha256",
              "hash": "d530191aa9c66ab4f190be8ac8cc7cfd8f4f3217da379606f3dd4e3d83feba69",
              "url": "https://files.pythonhosted.org/packages/75/93/1821ffa10c91b0c4220f1b525f82b408ca49a605481d76687078cd251504/coverage-7.2.2-cp37-cp37m-manylinux_2_5_i686.manylinux1_i686.manylinux_2_17_i686.manylinux2014_i686.whl"
            },
            {
              "algorithm": "sha256",
              "hash": "e627dee428a176ffb13697a2c4318d3f60b2ccdde3acdc9b3f304206ec130ccd",
              "url": "https://files.pythonhosted.org/packages/76/6b/30aa019a24ba3ba3487b6d61e468c898dcba77a153012f2032d72695ec13/coverage-7.2.2-cp38-cp38-manylinux_2_5_i686.manylinux1_i686.manylinux_2_17_i686.manylinux2014_i686.whl"
            },
            {
              "algorithm": "sha256",
              "hash": "5afdad4cc4cc199fdf3e18088812edcf8f4c5a3c8e6cb69127513ad4cb7471a9",
              "url": "https://files.pythonhosted.org/packages/83/db/85c50845c1ca6c83082decfed61a8d928903ef6d72f8a2c20a615118fc8a/coverage-7.2.2-cp37-cp37m-macosx_10_9_x86_64.whl"
            },
            {
              "algorithm": "sha256",
              "hash": "4ac0f522c3b6109c4b764ffec71bf04ebc0523e926ca7cbe6c5ac88f84faced0",
              "url": "https://files.pythonhosted.org/packages/85/e3/377befb686b7ebe288ef084c2822db81722681fab3774e389d026ea2d7ca/coverage-7.2.2-cp37-cp37m-manylinux_2_5_x86_64.manylinux1_x86_64.manylinux_2_17_x86_64.manylinux2014_x86_64.whl"
            },
            {
              "algorithm": "sha256",
              "hash": "e2926b8abedf750c2ecf5035c07515770944acf02e1c46ab08f6348d24c5f94d",
              "url": "https://files.pythonhosted.org/packages/8d/a6/6b3aae5b60e1e2ad8feb807cc33c5d313511980c3ee5de4662384165cec9/coverage-7.2.2-cp310-cp310-macosx_11_0_arm64.whl"
            },
            {
              "algorithm": "sha256",
              "hash": "8efb48fa743d1c1a65ee8787b5b552681610f06c40a40b7ef94a5b517d885c54",
              "url": "https://files.pythonhosted.org/packages/8e/7f/b5709cc511c226c01ee8da008b9737726d8c62bd88cb20ef93eb5c9d80c8/coverage-7.2.2-cp311-cp311-musllinux_1_1_i686.whl"
            },
            {
              "algorithm": "sha256",
              "hash": "5764e1f7471cb8f64b8cda0554f3d4c4085ae4b417bfeab236799863703e5de2",
              "url": "https://files.pythonhosted.org/packages/91/57/629e70906739102dbd742bcd7484f5446dfaacbd6dc3f46f42a88a0677c5/coverage-7.2.2-cp38-cp38-musllinux_1_1_x86_64.whl"
            },
            {
              "algorithm": "sha256",
              "hash": "2199988e0bc8325d941b209f4fd1c6fa007024b1442c5576f1a32ca2e48941e6",
              "url": "https://files.pythonhosted.org/packages/95/06/b0541156f46970339776c42dafe5d227710127025cb96e4bd3176422016f/coverage-7.2.2-cp310-cp310-manylinux_2_5_x86_64.manylinux1_x86_64.manylinux_2_17_x86_64.manylinux2014_x86_64.whl"
            },
            {
              "algorithm": "sha256",
              "hash": "c90e73bdecb7b0d1cea65a08cb41e9d672ac6d7995603d6465ed4914b98b9ad7",
              "url": "https://files.pythonhosted.org/packages/af/dc/3fe8388df88c8dfa3d5771b1f746ef5bc92f0c718a10fcef3600199d00f7/coverage-7.2.2-cp310-cp310-macosx_10_9_x86_64.whl"
            },
            {
              "algorithm": "sha256",
              "hash": "3eb55b7b26389dd4f8ae911ba9bc8c027411163839dea4c8b8be54c4ee9ae10b",
              "url": "https://files.pythonhosted.org/packages/c1/dc/ef3f63275d1046b910a474eedf8eb9fa3265c30b5fab1c1391ed6351e9d9/coverage-7.2.2-cp311-cp311-macosx_10_9_x86_64.whl"
            },
            {
              "algorithm": "sha256",
              "hash": "d683d230b5774816e7d784d7ed8444f2a40e7a450e5720d58af593cb0b94a212",
              "url": "https://files.pythonhosted.org/packages/c7/de/80032c5d6340a3a3b29920ade4e09e3f240cee8410b88173babb9e7012be/coverage-7.2.2-cp311-cp311-musllinux_1_1_aarch64.whl"
            },
            {
              "algorithm": "sha256",
              "hash": "8c99cb7c26a3039a8a4ee3ca1efdde471e61b4837108847fb7d5be7789ed8fd9",
              "url": "https://files.pythonhosted.org/packages/ca/45/687fb10526b66642a479b8703cd5ea53030fc582e76e7236e7a6318fd660/coverage-7.2.2-cp37-cp37m-musllinux_1_1_x86_64.whl"
            },
            {
              "algorithm": "sha256",
              "hash": "6146910231ece63facfc5984234ad1b06a36cecc9fd0c028e59ac7c9b18c38c6",
              "url": "https://files.pythonhosted.org/packages/cb/03/76ca85381dd6aea8b190ae0fa9e7e7c3964f72f65fc32ef0454e68df4611/coverage-7.2.2-cp38-cp38-macosx_10_9_x86_64.whl"
            },
            {
              "algorithm": "sha256",
              "hash": "006ed5582e9cbc8115d2e22d6d2144a0725db542f654d9d4fda86793832f873d",
              "url": "https://files.pythonhosted.org/packages/d0/94/fa6095cce802c11a53685c5267330caed7ef02e2fb99b9f9f1c892859259/coverage-7.2.2-cp311-cp311-manylinux_2_5_x86_64.manylinux1_x86_64.manylinux_2_17_x86_64.manylinux2014_x86_64.whl"
            },
            {
              "algorithm": "sha256",
              "hash": "57b77b9099f172804e695a40ebaa374f79e4fb8b92f3e167f66facbf92e8e7f5",
              "url": "https://files.pythonhosted.org/packages/d8/de/effbd360724a67b8e8f7f297c4cffdd5510161aeb4de08b08e1fc6fbbd49/coverage-7.2.2-cp310-cp310-manylinux_2_17_aarch64.manylinux2014_aarch64.whl"
            },
            {
              "algorithm": "sha256",
              "hash": "d52f0a114b6a58305b11a5cdecd42b2e7f1ec77eb20e2b33969d702feafdd016",
              "url": "https://files.pythonhosted.org/packages/d9/55/f45a1d08ad1299c5199f3cf1baaa02fcffe347fdec8ddacc484858700ef6/coverage-7.2.2-cp39-cp39-musllinux_1_1_i686.whl"
            },
            {
              "algorithm": "sha256",
              "hash": "299bc75cb2a41e6741b5e470b8c9fb78d931edbd0cd009c58e5c84de57c06731",
              "url": "https://files.pythonhosted.org/packages/e5/d4/d8ee18c995b806b3d0d38dc17ab5888de148244da5be8d3dfbd7cea6cd7e/coverage-7.2.2-cp311-cp311-manylinux_2_17_aarch64.manylinux2014_aarch64.whl"
            }
          ],
          "project_name": "coverage",
          "requires_dists": [
            "tomli; python_full_version <= \"3.11.0a6\" and extra == \"toml\""
          ],
          "requires_python": ">=3.7",
          "version": "7.2.2"
        },
        {
          "artifacts": [
            {
              "algorithm": "sha256",
              "hash": "232c37c63e4f682982c8b6459f33a8981039e5fb8756b2074364e5055c498c9e",
              "url": "https://files.pythonhosted.org/packages/61/97/17ed81b7a8d24d8f69b62c0db37abbd8c0042d4b3fc429c73dab986e7483/exceptiongroup-1.1.1-py3-none-any.whl"
            },
            {
              "algorithm": "sha256",
              "hash": "d484c3090ba2889ae2928419117447a14daf3c1231d5e30d0aae34f354f01785",
              "url": "https://files.pythonhosted.org/packages/cc/38/57f14ddc8e8baeddd8993a36fe57ce7b4ba174c35048b9a6d270bb01e833/exceptiongroup-1.1.1.tar.gz"
            }
          ],
          "project_name": "exceptiongroup",
          "requires_dists": [
            "pytest>=6; extra == \"test\""
          ],
          "requires_python": ">=3.7",
          "version": "1.1.1"
        },
        {
          "artifacts": [
            {
              "algorithm": "sha256",
              "hash": "a295f7cc774947aac58dde7fdc85f4aa00c42adf5d8f5468fc630c1acf30a142",
              "url": "https://files.pythonhosted.org/packages/81/c0/3072ecc23f4c5e0a1af35e3a222855cfd9c80a1a105ca67be3b6172637dd/execnet-1.9.0-py2.py3-none-any.whl"
            },
            {
              "algorithm": "sha256",
              "hash": "8f694f3ba9cc92cab508b152dcfe322153975c29bda272e2fd7f3f00f36e47c5",
              "url": "https://files.pythonhosted.org/packages/7a/3c/b5ac9fc61e1e559ced3e40bf5b518a4142536b34eb274aa50dff29cb89f5/execnet-1.9.0.tar.gz"
            }
          ],
          "project_name": "execnet",
          "requires_dists": [
            "pre-commit; extra == \"testing\""
          ],
          "requires_python": "!=3.0.*,!=3.1.*,!=3.2.*,!=3.3.*,!=3.4.*,>=2.7",
          "version": "1.9.0"
        },
        {
          "artifacts": [
            {
              "algorithm": "sha256",
              "hash": "ff80f3b5394912eb1b108fcfd444dc78b7f1f3e16b16188054bd01cb9cb86f09",
              "url": "https://files.pythonhosted.org/packages/f8/7d/e3adad613703c86d62aa991b45d6f090cf59975078a8c8100b50a0c86948/importlib_metadata-6.1.0-py3-none-any.whl"
            },
            {
              "algorithm": "sha256",
              "hash": "43ce9281e097583d758c2c708c4376371261a02c34682491a8e98352365aad20",
              "url": "https://files.pythonhosted.org/packages/e2/d8/3d431bade4598ad9e33be9da41d15e6607b878008e922d122659ab01b077/importlib_metadata-6.1.0.tar.gz"
            }
          ],
          "project_name": "importlib-metadata",
          "requires_dists": [
            "flake8<5; extra == \"testing\"",
            "flufl.flake8; extra == \"testing\"",
            "furo; extra == \"docs\"",
            "importlib-resources>=1.3; python_version < \"3.9\" and extra == \"testing\"",
            "ipython; extra == \"perf\"",
            "jaraco.packaging>=9; extra == \"docs\"",
            "jaraco.tidelift>=1.4; extra == \"docs\"",
            "packaging; extra == \"testing\"",
            "pyfakefs; extra == \"testing\"",
            "pytest-black>=0.3.7; platform_python_implementation != \"PyPy\" and extra == \"testing\"",
            "pytest-checkdocs>=2.4; extra == \"testing\"",
            "pytest-cov; extra == \"testing\"",
            "pytest-enabler>=1.3; extra == \"testing\"",
            "pytest-flake8; python_version < \"3.12\" and extra == \"testing\"",
            "pytest-mypy>=0.9.1; platform_python_implementation != \"PyPy\" and extra == \"testing\"",
            "pytest-perf>=0.9.2; extra == \"testing\"",
            "pytest>=6; extra == \"testing\"",
            "rst.linker>=1.9; extra == \"docs\"",
            "sphinx-lint; extra == \"docs\"",
            "sphinx>=3.5; extra == \"docs\"",
            "typing-extensions>=3.6.4; python_version < \"3.8\"",
            "zipp>=0.5"
          ],
          "requires_python": ">=3.7",
          "version": "6.1.0"
        },
        {
          "artifacts": [
            {
              "algorithm": "sha256",
              "hash": "b6a85871a79d2e3b22d2d1b94ac2824226a63c6b741c88f7ae975f18b6778374",
              "url": "https://files.pythonhosted.org/packages/ef/a6/62565a6e1cf69e10f5727360368e451d4b7f58beeac6173dc9db836a5b46/iniconfig-2.0.0-py3-none-any.whl"
            },
            {
              "algorithm": "sha256",
              "hash": "2d91e135bf72d31a410b17c16da610a82cb55f6b0477d1a902134b24a455b8b3",
              "url": "https://files.pythonhosted.org/packages/d7/4b/cbd8e699e64a6f16ca3a8220661b5f83792b3017d0f79807cb8708d33913/iniconfig-2.0.0.tar.gz"
            }
          ],
          "project_name": "iniconfig",
          "requires_dists": [],
          "requires_python": ">=3.7",
          "version": "2.0.0"
        },
        {
          "artifacts": [
            {
              "algorithm": "sha256",
              "hash": "714ac14496c3e68c99c29b00845f7a2b85f3bb6f1078fd9f72fd20f0570002b2",
              "url": "https://files.pythonhosted.org/packages/ed/35/a31aed2993e398f6b09a790a181a7927eb14610ee8bbf02dc14d31677f1c/packaging-23.0-py3-none-any.whl"
            },
            {
              "algorithm": "sha256",
              "hash": "b6ad297f8907de0fa2fe1ccbd26fdaf387f5f47c7275fedf8cce89f99446cf97",
              "url": "https://files.pythonhosted.org/packages/47/d5/aca8ff6f49aa5565df1c826e7bf5e85a6df852ee063600c1efa5b932968c/packaging-23.0.tar.gz"
            }
          ],
          "project_name": "packaging",
          "requires_dists": [],
          "requires_python": ">=3.7",
          "version": "23.0"
        },
        {
          "artifacts": [
            {
              "algorithm": "sha256",
              "hash": "74134bbf457f031a36d68416e1509f34bd5ccc019f0bcc952c7b909d06b37bd3",
              "url": "https://files.pythonhosted.org/packages/9e/01/f38e2ff29715251cf25532b9082a1589ab7e4f571ced434f98d0139336dc/pluggy-1.0.0-py2.py3-none-any.whl"
            },
            {
              "algorithm": "sha256",
              "hash": "4224373bacce55f955a878bf9cfa763c1e360858e330072059e10bad68531159",
              "url": "https://files.pythonhosted.org/packages/a1/16/db2d7de3474b6e37cbb9c008965ee63835bba517e22cdb8c35b5116b5ce1/pluggy-1.0.0.tar.gz"
            }
          ],
          "project_name": "pluggy",
          "requires_dists": [
            "importlib-metadata>=0.12; python_version < \"3.8\"",
            "pre-commit; extra == \"dev\"",
            "pytest-benchmark; extra == \"testing\"",
            "pytest; extra == \"testing\"",
            "tox; extra == \"dev\""
          ],
          "requires_python": ">=3.6",
          "version": "1.0.0"
        },
        {
          "artifacts": [
            {
              "algorithm": "sha256",
              "hash": "130328f552dcfac0b1cec75c12e3f005619dc5f874f0a06e8ff7263f0ee6225e",
              "url": "https://files.pythonhosted.org/packages/b2/68/5321b5793bd506961bd40bdbdd0674e7de4fb873ee7cab33dd27283ad513/pytest-7.2.2-py3-none-any.whl"
            },
            {
              "algorithm": "sha256",
              "hash": "c99ab0c73aceb050f68929bc93af19ab6db0558791c6a0715723abe9d0ade9d4",
              "url": "https://files.pythonhosted.org/packages/b9/29/311895d9cd3f003dd58e8fdea36dd895ba2da5c0c90601836f7de79f76fe/pytest-7.2.2.tar.gz"
            }
          ],
          "project_name": "pytest",
          "requires_dists": [
            "argcomplete; extra == \"testing\"",
            "attrs>=19.2.0",
            "colorama; sys_platform == \"win32\"",
            "exceptiongroup>=1.0.0rc8; python_version < \"3.11\"",
            "hypothesis>=3.56; extra == \"testing\"",
            "importlib-metadata>=0.12; python_version < \"3.8\"",
            "iniconfig",
            "mock; extra == \"testing\"",
            "nose; extra == \"testing\"",
            "packaging",
            "pluggy<2.0,>=0.12",
            "pygments>=2.7.2; extra == \"testing\"",
            "requests; extra == \"testing\"",
            "tomli>=1.0.0; python_version < \"3.11\"",
            "xmlschema; extra == \"testing\""
          ],
          "requires_python": ">=3.7",
          "version": "7.2.2"
        },
        {
          "artifacts": [
            {
              "algorithm": "sha256",
              "hash": "f2b3366b7cd501a4056858bd39349d5af19742aed2d81660b7998b6341c7eb9c",
              "url": "https://files.pythonhosted.org/packages/66/73/817ddb37c627338ecbb96486c03fe69a19bef72de1b6bd641aa06fed13f4/pytest_asyncio-0.21.0-py3-none-any.whl"
            },
            {
              "algorithm": "sha256",
              "hash": "2b38a496aef56f56b0e87557ec313e11e1ab9276fc3863f6a7be0f1d0e415e1b",
              "url": "https://files.pythonhosted.org/packages/85/c7/9db0c6215f12f26b590c24acc96d048e03989315f198454540dff95109cd/pytest-asyncio-0.21.0.tar.gz"
            }
          ],
          "project_name": "pytest-asyncio",
          "requires_dists": [
            "coverage>=6.2; extra == \"testing\"",
            "flaky>=3.5.0; extra == \"testing\"",
            "hypothesis>=5.7.1; extra == \"testing\"",
            "mypy>=0.931; extra == \"testing\"",
            "pytest-trio>=0.7.0; extra == \"testing\"",
            "pytest>=7.0.0",
            "sphinx-rtd-theme>=1.0; extra == \"docs\"",
            "sphinx>=5.3; extra == \"docs\"",
            "typing-extensions>=3.7.2; python_version < \"3.8\""
          ],
          "requires_python": ">=3.7",
          "version": "0.21.0"
        },
        {
          "artifacts": [
            {
              "algorithm": "sha256",
              "hash": "2feb1b751d66a8bd934e5edfa2e961d11309dc37b73b0eabe73b5945fee20f6b",
              "url": "https://files.pythonhosted.org/packages/fe/1f/9ec0ddd33bd2b37d6ec50bb39155bca4fe7085fa78b3b434c05459a860e3/pytest_cov-4.0.0-py3-none-any.whl"
            },
            {
              "algorithm": "sha256",
              "hash": "996b79efde6433cdbd0088872dbc5fb3ed7fe1578b68cdbba634f14bb8dd0470",
              "url": "https://files.pythonhosted.org/packages/ea/70/da97fd5f6270c7d2ce07559a19e5bf36a76f0af21500256f005a69d9beba/pytest-cov-4.0.0.tar.gz"
            }
          ],
          "project_name": "pytest-cov",
          "requires_dists": [
            "coverage[toml]>=5.2.1",
            "fields; extra == \"testing\"",
            "hunter; extra == \"testing\"",
            "process-tests; extra == \"testing\"",
            "pytest-xdist; extra == \"testing\"",
            "pytest>=4.6",
            "six; extra == \"testing\"",
            "virtualenv; extra == \"testing\""
          ],
          "requires_python": ">=3.6",
          "version": "4.0.0"
        },
        {
          "artifacts": [
            {
              "algorithm": "sha256",
              "hash": "37290d161638a20b672401deef1cba812d110ac27e35d213f091d15b8beb40c9",
              "url": "https://files.pythonhosted.org/packages/41/69/319ff6c2bda31b0ab0710d2bb406d53f7d9c13a1c572696479a16322d9dc/pytest_xdist-3.2.1-py3-none-any.whl"
            },
            {
              "algorithm": "sha256",
              "hash": "1849bd98d8b242b948e472db7478e090bf3361912a8fed87992ed94085f54727",
              "url": "https://files.pythonhosted.org/packages/e3/f8/de2dcd2938c05270c9881cb1463dea388acd0b239ee76809160420157784/pytest-xdist-3.2.1.tar.gz"
            }
          ],
          "project_name": "pytest-xdist",
          "requires_dists": [
            "execnet>=1.1",
            "filelock; extra == \"testing\"",
            "psutil>=3.0; extra == \"psutil\"",
            "pytest>=6.2.0",
            "setproctitle; extra == \"setproctitle\""
          ],
          "requires_python": ">=3.7",
          "version": "3.2.1"
        },
        {
          "artifacts": [
            {
              "algorithm": "sha256",
              "hash": "939de3e7a6161af0c887ef91b7d41a53e7c5a1ca976325f429cb46ea9bc30ecc",
              "url": "https://files.pythonhosted.org/packages/97/75/10a9ebee3fd790d20926a90a2547f0bf78f371b2f13aa822c759680ca7b9/tomli-2.0.1-py3-none-any.whl"
            },
            {
              "algorithm": "sha256",
              "hash": "de526c12914f0c550d15924c62d72abc48d6fe7364aa87328337a31007fe8a4f",
              "url": "https://files.pythonhosted.org/packages/c0/3f/d7af728f075fb08564c5949a9c95e44352e23dee646869fa104a3b2060a3/tomli-2.0.1.tar.gz"
            }
          ],
          "project_name": "tomli",
          "requires_dists": [],
          "requires_python": ">=3.7",
          "version": "2.0.1"
        },
        {
          "artifacts": [
            {
              "algorithm": "sha256",
              "hash": "fb33085c39dd998ac16d1431ebc293a8b3eedd00fd4a32de0ff79002c19511b4",
              "url": "https://files.pythonhosted.org/packages/31/25/5abcd82372d3d4a3932e1fa8c3dbf9efac10cc7c0d16e78467460571b404/typing_extensions-4.5.0-py3-none-any.whl"
            },
            {
              "algorithm": "sha256",
              "hash": "5cb5f4a79139d699607b3ef622a1dedafa84e115ab0024e0d9c044a9479ca7cb",
              "url": "https://files.pythonhosted.org/packages/d3/20/06270dac7316220643c32ae61694e451c98f8caf4c8eab3aa80a2bedf0df/typing_extensions-4.5.0.tar.gz"
            }
          ],
          "project_name": "typing-extensions",
          "requires_dists": [],
          "requires_python": ">=3.7",
          "version": "4.5.0"
        },
        {
          "artifacts": [
            {
              "algorithm": "sha256",
              "hash": "48904fc76a60e542af151aded95726c1a5c34ed43ab4134b597665c86d7ad556",
              "url": "https://files.pythonhosted.org/packages/5b/fa/c9e82bbe1af6266adf08afb563905eb87cab83fde00a0a08963510621047/zipp-3.15.0-py3-none-any.whl"
            },
            {
              "algorithm": "sha256",
              "hash": "112929ad649da941c23de50f356a2b5570c954b65150642bccdd66bf194d224b",
              "url": "https://files.pythonhosted.org/packages/00/27/f0ac6b846684cecce1ee93d32450c45ab607f65c2e0255f0092032d91f07/zipp-3.15.0.tar.gz"
            }
          ],
          "project_name": "zipp",
          "requires_dists": [
            "big-O; extra == \"testing\"",
            "flake8<5; extra == \"testing\"",
            "furo; extra == \"docs\"",
            "jaraco.functools; extra == \"testing\"",
            "jaraco.itertools; extra == \"testing\"",
            "jaraco.packaging>=9; extra == \"docs\"",
            "jaraco.tidelift>=1.4; extra == \"docs\"",
            "more-itertools; extra == \"testing\"",
            "pytest-black>=0.3.7; platform_python_implementation != \"PyPy\" and extra == \"testing\"",
            "pytest-checkdocs>=2.4; extra == \"testing\"",
            "pytest-cov; extra == \"testing\"",
            "pytest-enabler>=1.3; extra == \"testing\"",
            "pytest-flake8; python_version < \"3.12\" and extra == \"testing\"",
            "pytest-mypy>=0.9.1; platform_python_implementation != \"PyPy\" and extra == \"testing\"",
            "pytest>=6; extra == \"testing\"",
            "rst.linker>=1.9; extra == \"docs\"",
            "sphinx-lint; extra == \"docs\"",
            "sphinx>=3.5; extra == \"docs\""
          ],
          "requires_python": ">=3.7",
          "version": "3.15.0"
        }
      ],
      "platform_tag": null
    }
  ],
  "path_mappings": {},
  "pex_version": "2.1.111",
  "pip_version": "20.3.4-patched",
  "prefer_older_binary": false,
  "requirements": [
    "pytest-asyncio",
    "pytest-cov",
    "pytest-xdist",
    "pytest~=7.2.2"
  ],
  "requires_python": [
    "<4,>=3.7"
  ],
  "resolver_version": "pip-2020-resolver",
  "style": "universal",
  "target_systems": [
    "linux",
    "mac"
  ],
  "transitive": true,
  "use_pep517": null
}
